
Microsoft Visual Studio Solution File, Format Version 12.00
# Visual Studio 2015
Project("{FAE04EC0-301F-11D3-BF4B-00C04F79EFBC}") = "Oni.CSharp.Plugins", "Oni.CSharp.Plugins.csproj", "{8B4E08DA-E6B0-EF7A-7ED8-4C99F347BCD8}"
EndProject
Project("{FAE04EC0-301F-11D3-BF4B-00C04F79EFBC}") = "Oni.CSharp", "Oni.CSharp.csproj", "{2A0B7C07-42D5-E639-CCC2-D4289619CAC2}"
EndProject
Project("{FAE04EC0-301F-11D3-BF4B-00C04F79EFBC}") = "Oni.CSharp.Editor", "Oni.CSharp.Editor.csproj", "{7DA56F5A-49BE-E7D1-2749-1013793E6454}"
EndProject
Global
	GlobalSection(SolutionConfigurationPlatforms) = preSolution
		Debug|Any CPU = Debug|Any CPU
		Release|Any CPU = Release|Any CPU
	EndGlobalSection
	GlobalSection(ProjectConfigurationPlatforms) = postSolution
		{8B4E08DA-E6B0-EF7A-7ED8-4C99F347BCD8}.Debug|Any CPU.ActiveCfg = Debug|Any CPU
		{8B4E08DA-E6B0-EF7A-7ED8-4C99F347BCD8}.Debug|Any CPU.Build.0 = Debug|Any CPU
		{8B4E08DA-E6B0-EF7A-7ED8-4C99F347BCD8}.Release|Any CPU.ActiveCfg = Release|Any CPU
		{8B4E08DA-E6B0-EF7A-7ED8-4C99F347BCD8}.Release|Any CPU.Build.0 = Release|Any CPU
		{2A0B7C07-42D5-E639-CCC2-D4289619CAC2}.Debug|Any CPU.ActiveCfg = Debug|Any CPU
		{2A0B7C07-42D5-E639-CCC2-D4289619CAC2}.Debug|Any CPU.Build.0 = Debug|Any CPU
		{2A0B7C07-42D5-E639-CCC2-D4289619CAC2}.Release|Any CPU.ActiveCfg = Release|Any CPU
		{2A0B7C07-42D5-E639-CCC2-D4289619CAC2}.Release|Any CPU.Build.0 = Release|Any CPU
		{7DA56F5A-49BE-E7D1-2749-1013793E6454}.Debug|Any CPU.ActiveCfg = Debug|Any CPU
		{7DA56F5A-49BE-E7D1-2749-1013793E6454}.Debug|Any CPU.Build.0 = Debug|Any CPU
		{7DA56F5A-49BE-E7D1-2749-1013793E6454}.Release|Any CPU.ActiveCfg = Release|Any CPU
		{7DA56F5A-49BE-E7D1-2749-1013793E6454}.Release|Any CPU.Build.0 = Release|Any CPU
	EndGlobalSection
	GlobalSection(SolutionProperties) = preSolution
		HideSolutionNode = FALSE
	EndGlobalSection
EndGlobal
