
Microsoft Visual Studio Solution File, Format Version 12.00
# Visual Studio 2015
Project("{FAE04EC0-301F-11D3-BF4B-00C04F79EFBC}") = "oni.CSharp.Plugins", "oni.CSharp.Plugins.csproj", "{880B5059-18E4-7C22-1166-9B80A268539D}"
EndProject
Project("{FAE04EC0-301F-11D3-BF4B-00C04F79EFBC}") = "oni.CSharp", "oni.CSharp.csproj", "{607E7C59-123F-11E9-82CC-54CBBD7384E9}"
EndProject
Project("{FAE04EC0-301F-11D3-BF4B-00C04F79EFBC}") = "oni.CSharp.Editor", "oni.CSharp.Editor.csproj", "{29FB6467-C91D-5205-AA77-BC5707618839}"
EndProject
Global
	GlobalSection(SolutionConfigurationPlatforms) = preSolution
		Debug|Any CPU = Debug|Any CPU
		Release|Any CPU = Release|Any CPU
	EndGlobalSection
	GlobalSection(ProjectConfigurationPlatforms) = postSolution
		{880B5059-18E4-7C22-1166-9B80A268539D}.Debug|Any CPU.ActiveCfg = Debug|Any CPU
		{880B5059-18E4-7C22-1166-9B80A268539D}.Debug|Any CPU.Build.0 = Debug|Any CPU
		{880B5059-18E4-7C22-1166-9B80A268539D}.Release|Any CPU.ActiveCfg = Release|Any CPU
		{880B5059-18E4-7C22-1166-9B80A268539D}.Release|Any CPU.Build.0 = Release|Any CPU
		{607E7C59-123F-11E9-82CC-54CBBD7384E9}.Debug|Any CPU.ActiveCfg = Debug|Any CPU
		{607E7C59-123F-11E9-82CC-54CBBD7384E9}.Debug|Any CPU.Build.0 = Debug|Any CPU
		{607E7C59-123F-11E9-82CC-54CBBD7384E9}.Release|Any CPU.ActiveCfg = Release|Any CPU
		{607E7C59-123F-11E9-82CC-54CBBD7384E9}.Release|Any CPU.Build.0 = Release|Any CPU
		{29FB6467-C91D-5205-AA77-BC5707618839}.Debug|Any CPU.ActiveCfg = Debug|Any CPU
		{29FB6467-C91D-5205-AA77-BC5707618839}.Debug|Any CPU.Build.0 = Debug|Any CPU
		{29FB6467-C91D-5205-AA77-BC5707618839}.Release|Any CPU.ActiveCfg = Release|Any CPU
		{29FB6467-C91D-5205-AA77-BC5707618839}.Release|Any CPU.Build.0 = Release|Any CPU
	EndGlobalSection
	GlobalSection(SolutionProperties) = preSolution
		HideSolutionNode = FALSE
	EndGlobalSection
EndGlobal
